
Microsoft Visual Studio Solution File, Format Version 12.00
# Visual Studio Version 16
VisualStudioVersion = 16.0.30323.103
MinimumVisualStudioVersion = 10.0.40219.1
Project("{FAE04EC0-301F-11D3-BF4B-00C04F79EFBC}") = "Unity VR Patcher", "Unity VR Patcher.csproj", "{F9EE9A2E-B749-4FE7-9453-ED3CBBBD919B}"
EndProject
Global
	GlobalSection(SolutionConfigurationPlatforms) = preSolution
		Debug|Any CPU = Debug|Any CPU
		Release|Any CPU = Release|Any CPU
	EndGlobalSection
	GlobalSection(ProjectConfigurationPlatforms) = postSolution
		{F9EE9A2E-B749-4FE7-9453-ED3CBBBD919B}.Debug|Any CPU.ActiveCfg = Debug|Any CPU
		{F9EE9A2E-B749-4FE7-9453-ED3CBBBD919B}.Debug|Any CPU.Build.0 = Debug|Any CPU
		{F9EE9A2E-B749-4FE7-9453-ED3CBBBD919B}.Release|Any CPU.ActiveCfg = Release|Any CPU
		{F9EE9A2E-B749-4FE7-9453-ED3CBBBD919B}.Release|Any CPU.Build.0 = Release|Any CPU
	EndGlobalSection
	GlobalSection(SolutionProperties) = preSolution
		HideSolutionNode = FALSE
	EndGlobalSection
	GlobalSection(ExtensibilityGlobals) = postSolution
		SolutionGuid = {F631DCC0-51A6-421C-8AC4-9B4EBFF5CDD4}
	EndGlobalSection
EndGlobal
